// !$*UTF8*$!
{
	archiveVersion = 1;
	classes = {
	};
	objectVersion = 50;
	objects = {

/* Begin PBXBuildFile section */
		84CE87BF20EA34A000F496D8 /* AppDelegate.swift in Sources */ = {isa = PBXBuildFile; fileRef = 84CE87BE20EA34A000F496D8 /* AppDelegate.swift */; };
		84CE87C420EA34A000F496D8 /* Main.storyboard in Resources */ = {isa = PBXBuildFile; fileRef = 84CE87C220EA34A000F496D8 /* Main.storyboard */; };
		84CE87C620EA34A800F496D8 /* Assets.xcassets in Resources */ = {isa = PBXBuildFile; fileRef = 84CE87C520EA34A800F496D8 /* Assets.xcassets */; };
		84CE87C920EA34A800F496D8 /* LaunchScreen.storyboard in Resources */ = {isa = PBXBuildFile; fileRef = 84CE87C720EA34A800F496D8 /* LaunchScreen.storyboard */; };
		84CE87D620EA397C00F496D8 /* MyTicketsVC.swift in Sources */ = {isa = PBXBuildFile; fileRef = 84CE87D520EA397C00F496D8 /* MyTicketsVC.swift */; };
		84CE87D920EA39C200F496D8 /* EventsNC.swift in Sources */ = {isa = PBXBuildFile; fileRef = 84CE87D820EA39C200F496D8 /* EventsNC.swift */; };
		84CE87DE20EA3F0100F496D8 /* EventsVC.swift in Sources */ = {isa = PBXBuildFile; fileRef = 84CE87DB20EA3F0000F496D8 /* EventsVC.swift */; };
		84CE87E020EA3F2800F496D8 /* EventTVCell.swift in Sources */ = {isa = PBXBuildFile; fileRef = 84CE87DF20EA3F2800F496D8 /* EventTVCell.swift */; };
		84CE87E320EA425B00F496D8 /* TicketTVCell.swift in Sources */ = {isa = PBXBuildFile; fileRef = 84CE87E220EA425B00F496D8 /* TicketTVCell.swift */; };
		84CE87F420EA448000F496D8 /* libiosSDK.a in Frameworks */ = {isa = PBXBuildFile; fileRef = 84CE87F220EA447300F496D8 /* libiosSDK.a */; };
/* End PBXBuildFile section */

/* Begin PBXContainerItemProxy section */
		84CE87F120EA447300F496D8 /* PBXContainerItemProxy */ = {
			isa = PBXContainerItemProxy;
			containerPortal = 84CE87ED20EA447300F496D8 /* iosSDK.xcodeproj */;
			proxyType = 2;
			remoteGlobalIDString = C54D3D0E20BC47B90033C2B3;
			remoteInfo = iosSDK;
		};
/* End PBXContainerItemProxy section */

/* Begin PBXFileReference section */
		84CE87BB20EA34A000F496D8 /* FestChain.app */ = {isa = PBXFileReference; explicitFileType = wrapper.application; includeInIndex = 0; path = FestChain.app; sourceTree = BUILT_PRODUCTS_DIR; };
		84CE87BE20EA34A000F496D8 /* AppDelegate.swift */ = {isa = PBXFileReference; lastKnownFileType = sourcecode.swift; path = AppDelegate.swift; sourceTree = "<group>"; };
		84CE87C320EA34A000F496D8 /* Base */ = {isa = PBXFileReference; lastKnownFileType = file.storyboard; name = Base; path = Base.lproj/Main.storyboard; sourceTree = "<group>"; };
		84CE87C520EA34A800F496D8 /* Assets.xcassets */ = {isa = PBXFileReference; lastKnownFileType = folder.assetcatalog; path = Assets.xcassets; sourceTree = "<group>"; };
		84CE87C820EA34A800F496D8 /* Base */ = {isa = PBXFileReference; lastKnownFileType = file.storyboard; name = Base; path = Base.lproj/LaunchScreen.storyboard; sourceTree = "<group>"; };
		84CE87CA20EA34A800F496D8 /* Info.plist */ = {isa = PBXFileReference; lastKnownFileType = text.plist.xml; path = Info.plist; sourceTree = "<group>"; };
		84CE87D520EA397C00F496D8 /* MyTicketsVC.swift */ = {isa = PBXFileReference; lastKnownFileType = sourcecode.swift; path = MyTicketsVC.swift; sourceTree = "<group>"; };
		84CE87D820EA39C200F496D8 /* EventsNC.swift */ = {isa = PBXFileReference; lastKnownFileType = sourcecode.swift; path = EventsNC.swift; sourceTree = "<group>"; };
		84CE87DB20EA3F0000F496D8 /* EventsVC.swift */ = {isa = PBXFileReference; fileEncoding = 4; lastKnownFileType = sourcecode.swift; path = EventsVC.swift; sourceTree = "<group>"; };
		84CE87DF20EA3F2800F496D8 /* EventTVCell.swift */ = {isa = PBXFileReference; lastKnownFileType = sourcecode.swift; path = EventTVCell.swift; sourceTree = "<group>"; };
		84CE87E220EA425B00F496D8 /* TicketTVCell.swift */ = {isa = PBXFileReference; lastKnownFileType = sourcecode.swift; path = TicketTVCell.swift; sourceTree = "<group>"; };
		84CE87ED20EA447300F496D8 /* iosSDK.xcodeproj */ = {isa = PBXFileReference; lastKnownFileType = "wrapper.pb-project"; name = iosSDK.xcodeproj; path = iosSDK/iosSDK.xcodeproj; sourceTree = "<group>"; };
		84CE87F520EA451100F496D8 /* FestChain-Bridging-Header.h */ = {isa = PBXFileReference; lastKnownFileType = sourcecode.c.h; path = "FestChain-Bridging-Header.h"; sourceTree = "<group>"; };
/* End PBXFileReference section */

/* Begin PBXFrameworksBuildPhase section */
		84CE87B820EA34A000F496D8 /* Frameworks */ = {
			isa = PBXFrameworksBuildPhase;
			buildActionMask = 2147483647;
			files = (
				84CE87F420EA448000F496D8 /* libiosSDK.a in Frameworks */,
			);
			runOnlyForDeploymentPostprocessing = 0;
		};
/* End PBXFrameworksBuildPhase section */

/* Begin PBXGroup section */
		84CE87B220EA34A000F496D8 = {
			isa = PBXGroup;
			children = (
				84CE87ED20EA447300F496D8 /* iosSDK.xcodeproj */,
				84CE87BD20EA34A000F496D8 /* FestChain */,
				84CE87BC20EA34A000F496D8 /* Products */,
				84CE87F320EA448000F496D8 /* Frameworks */,
			);
			sourceTree = "<group>";
		};
		84CE87BC20EA34A000F496D8 /* Products */ = {
			isa = PBXGroup;
			children = (
				84CE87BB20EA34A000F496D8 /* FestChain.app */,
			);
			name = Products;
			sourceTree = "<group>";
		};
		84CE87BD20EA34A000F496D8 /* FestChain */ = {
			isa = PBXGroup;
			children = (
				84CE87D720EA39AB00F496D8 /* NavigationControllers */,
				84CE87D220EA396000F496D8 /* ViewControllers */,
				84CE87BE20EA34A000F496D8 /* AppDelegate.swift */,
				84CE87C220EA34A000F496D8 /* Main.storyboard */,
				84CE87C520EA34A800F496D8 /* Assets.xcassets */,
				84CE87C720EA34A800F496D8 /* LaunchScreen.storyboard */,
				84CE87CA20EA34A800F496D8 /* Info.plist */,
				84CE87F520EA451100F496D8 /* FestChain-Bridging-Header.h */,
			);
			path = FestChain;
			sourceTree = "<group>";
		};
		84CE87D220EA396000F496D8 /* ViewControllers */ = {
			isa = PBXGroup;
			children = (
				84CE87DA20EA3F0000F496D8 /* EventsVC */,
				84CE87D520EA397C00F496D8 /* MyTicketsVC.swift */,
			);
			path = ViewControllers;
			sourceTree = "<group>";
		};
		84CE87D720EA39AB00F496D8 /* NavigationControllers */ = {
			isa = PBXGroup;
			children = (
				84CE87D820EA39C200F496D8 /* EventsNC.swift */,
			);
			path = NavigationControllers;
			sourceTree = "<group>";
		};
		84CE87DA20EA3F0000F496D8 /* EventsVC */ = {
			isa = PBXGroup;
			children = (
				84CE87DB20EA3F0000F496D8 /* EventsVC.swift */,
				84CE87DC20EA3F0000F496D8 /* TableViewCells */,
			);
			path = EventsVC;
			sourceTree = "<group>";
		};
		84CE87DC20EA3F0000F496D8 /* TableViewCells */ = {
			isa = PBXGroup;
			children = (
				84CE87E120EA41C200F496D8 /* TicketTVCell */,
				84CE87DD20EA3F0000F496D8 /* EventTVCell */,
			);
			path = TableViewCells;
			sourceTree = "<group>";
		};
		84CE87DD20EA3F0000F496D8 /* EventTVCell */ = {
			isa = PBXGroup;
			children = (
				84CE87DF20EA3F2800F496D8 /* EventTVCell.swift */,
			);
			path = EventTVCell;
			sourceTree = "<group>";
		};
		84CE87E120EA41C200F496D8 /* TicketTVCell */ = {
			isa = PBXGroup;
			children = (
				84CE87E220EA425B00F496D8 /* TicketTVCell.swift */,
			);
			path = TicketTVCell;
			sourceTree = "<group>";
		};
		84CE87EE20EA447300F496D8 /* Products */ = {
			isa = PBXGroup;
			children = (
				84CE87F220EA447300F496D8 /* libiosSDK.a */,
			);
			name = Products;
			sourceTree = "<group>";
		};
		84CE87F320EA448000F496D8 /* Frameworks */ = {
			isa = PBXGroup;
			children = (
			);
			name = Frameworks;
			sourceTree = "<group>";
		};
/* End PBXGroup section */

/* Begin PBXNativeTarget section */
		84CE87BA20EA34A000F496D8 /* FestChain */ = {
			isa = PBXNativeTarget;
			buildConfigurationList = 84CE87CD20EA34A800F496D8 /* Build configuration list for PBXNativeTarget "FestChain" */;
			buildPhases = (
				84CE87B720EA34A000F496D8 /* Sources */,
				84CE87B820EA34A000F496D8 /* Frameworks */,
				84CE87B920EA34A000F496D8 /* Resources */,
			);
			buildRules = (
			);
			dependencies = (
			);
			name = FestChain;
			productName = FestChain;
			productReference = 84CE87BB20EA34A000F496D8 /* FestChain.app */;
			productType = "com.apple.product-type.application";
		};
/* End PBXNativeTarget section */

/* Begin PBXProject section */
		84CE87B320EA34A000F496D8 /* Project object */ = {
			isa = PBXProject;
			attributes = {
				LastSwiftUpdateCheck = 0940;
				LastUpgradeCheck = 0940;
				ORGANIZATIONNAME = admin;
				TargetAttributes = {
					84CE87BA20EA34A000F496D8 = {
						CreatedOnToolsVersion = 9.4.1;
					};
				};
			};
			buildConfigurationList = 84CE87B620EA34A000F496D8 /* Build configuration list for PBXProject "FestChain" */;
			compatibilityVersion = "Xcode 9.3";
			developmentRegion = en;
			hasScannedForEncodings = 0;
			knownRegions = (
				en,
				Base,
			);
			mainGroup = 84CE87B220EA34A000F496D8;
			productRefGroup = 84CE87BC20EA34A000F496D8 /* Products */;
			projectDirPath = "";
			projectReferences = (
				{
					ProductGroup = 84CE87EE20EA447300F496D8 /* Products */;
					ProjectRef = 84CE87ED20EA447300F496D8 /* iosSDK.xcodeproj */;
				},
			);
			projectRoot = "";
			targets = (
				84CE87BA20EA34A000F496D8 /* FestChain */,
			);
		};
/* End PBXProject section */

/* Begin PBXReferenceProxy section */
		84CE87F220EA447300F496D8 /* libiosSDK.a */ = {
			isa = PBXReferenceProxy;
			fileType = archive.ar;
			path = libiosSDK.a;
			remoteRef = 84CE87F120EA447300F496D8 /* PBXContainerItemProxy */;
			sourceTree = BUILT_PRODUCTS_DIR;
		};
/* End PBXReferenceProxy section */

/* Begin PBXResourcesBuildPhase section */
		84CE87B920EA34A000F496D8 /* Resources */ = {
			isa = PBXResourcesBuildPhase;
			buildActionMask = 2147483647;
			files = (
				84CE87C920EA34A800F496D8 /* LaunchScreen.storyboard in Resources */,
				84CE87C620EA34A800F496D8 /* Assets.xcassets in Resources */,
				84CE87C420EA34A000F496D8 /* Main.storyboard in Resources */,
			);
			runOnlyForDeploymentPostprocessing = 0;
		};
/* End PBXResourcesBuildPhase section */

/* Begin PBXSourcesBuildPhase section */
		84CE87B720EA34A000F496D8 /* Sources */ = {
			isa = PBXSourcesBuildPhase;
			buildActionMask = 2147483647;
			files = (
				84CE87BF20EA34A000F496D8 /* AppDelegate.swift in Sources */,
				84CE87E020EA3F2800F496D8 /* EventTVCell.swift in Sources */,
				84CE87DE20EA3F0100F496D8 /* EventsVC.swift in Sources */,
				84CE87D620EA397C00F496D8 /* MyTicketsVC.swift in Sources */,
				84CE87D920EA39C200F496D8 /* EventsNC.swift in Sources */,
				84CE87E320EA425B00F496D8 /* TicketTVCell.swift in Sources */,
			);
			runOnlyForDeploymentPostprocessing = 0;
		};
/* End PBXSourcesBuildPhase section */

/* Begin PBXVariantGroup section */
		84CE87C220EA34A000F496D8 /* Main.storyboard */ = {
			isa = PBXVariantGroup;
			children = (
				84CE87C320EA34A000F496D8 /* Base */,
			);
			name = Main.storyboard;
			sourceTree = "<group>";
		};
		84CE87C720EA34A800F496D8 /* LaunchScreen.storyboard */ = {
			isa = PBXVariantGroup;
			children = (
				84CE87C820EA34A800F496D8 /* Base */,
			);
			name = LaunchScreen.storyboard;
			sourceTree = "<group>";
		};
/* End PBXVariantGroup section */

/* Begin XCBuildConfiguration section */
		84CE87CB20EA34A800F496D8 /* Debug */ = {
			isa = XCBuildConfiguration;
			buildSettings = {
				ALWAYS_SEARCH_USER_PATHS = NO;
				CLANG_ANALYZER_NONNULL = YES;
				CLANG_ANALYZER_NUMBER_OBJECT_CONVERSION = YES_AGGRESSIVE;
				CLANG_CXX_LANGUAGE_STANDARD = "gnu++14";
				CLANG_CXX_LIBRARY = "libc++";
				CLANG_ENABLE_MODULES = YES;
				CLANG_ENABLE_OBJC_ARC = YES;
				CLANG_ENABLE_OBJC_WEAK = YES;
				CLANG_WARN_BLOCK_CAPTURE_AUTORELEASING = YES;
				CLANG_WARN_BOOL_CONVERSION = YES;
				CLANG_WARN_COMMA = YES;
				CLANG_WARN_CONSTANT_CONVERSION = YES;
				CLANG_WARN_DEPRECATED_OBJC_IMPLEMENTATIONS = YES;
				CLANG_WARN_DIRECT_OBJC_ISA_USAGE = YES_ERROR;
				CLANG_WARN_DOCUMENTATION_COMMENTS = YES;
				CLANG_WARN_EMPTY_BODY = YES;
				CLANG_WARN_ENUM_CONVERSION = YES;
				CLANG_WARN_INFINITE_RECURSION = YES;
				CLANG_WARN_INT_CONVERSION = YES;
				CLANG_WARN_NON_LITERAL_NULL_CONVERSION = YES;
				CLANG_WARN_OBJC_IMPLICIT_RETAIN_SELF = YES;
				CLANG_WARN_OBJC_LITERAL_CONVERSION = YES;
				CLANG_WARN_OBJC_ROOT_CLASS = YES_ERROR;
				CLANG_WARN_RANGE_LOOP_ANALYSIS = YES;
				CLANG_WARN_STRICT_PROTOTYPES = YES;
				CLANG_WARN_SUSPICIOUS_MOVE = YES;
				CLANG_WARN_UNGUARDED_AVAILABILITY = YES_AGGRESSIVE;
				CLANG_WARN_UNREACHABLE_CODE = YES;
				CLANG_WARN__DUPLICATE_METHOD_MATCH = YES;
				CODE_SIGN_IDENTITY = "iPhone Developer";
				COPY_PHASE_STRIP = NO;
				DEBUG_INFORMATION_FORMAT = dwarf;
				ENABLE_STRICT_OBJC_MSGSEND = YES;
				ENABLE_TESTABILITY = YES;
				GCC_C_LANGUAGE_STANDARD = gnu11;
				GCC_DYNAMIC_NO_PIC = NO;
				GCC_NO_COMMON_BLOCKS = YES;
				GCC_OPTIMIZATION_LEVEL = 0;
				GCC_PREPROCESSOR_DEFINITIONS = (
					"DEBUG=1",
					"$(inherited)",
				);
				GCC_WARN_64_TO_32_BIT_CONVERSION = YES;
				GCC_WARN_ABOUT_RETURN_TYPE = YES_ERROR;
				GCC_WARN_UNDECLARED_SELECTOR = YES;
				GCC_WARN_UNINITIALIZED_AUTOS = YES_AGGRESSIVE;
				GCC_WARN_UNUSED_FUNCTION = YES;
				GCC_WARN_UNUSED_VARIABLE = YES;
				IPHONEOS_DEPLOYMENT_TARGET = 11.4;
				MTL_ENABLE_DEBUG_INFO = YES;
				ONLY_ACTIVE_ARCH = YES;
				SDKROOT = iphoneos;
				SWIFT_ACTIVE_COMPILATION_CONDITIONS = DEBUG;
				SWIFT_OPTIMIZATION_LEVEL = "-Onone";
			};
			name = Debug;
		};
		84CE87CC20EA34A800F496D8 /* Release */ = {
			isa = XCBuildConfiguration;
			buildSettings = {
				ALWAYS_SEARCH_USER_PATHS = NO;
				CLANG_ANALYZER_NONNULL = YES;
				CLANG_ANALYZER_NUMBER_OBJECT_CONVERSION = YES_AGGRESSIVE;
				CLANG_CXX_LANGUAGE_STANDARD = "gnu++14";
				CLANG_CXX_LIBRARY = "libc++";
				CLANG_ENABLE_MODULES = YES;
				CLANG_ENABLE_OBJC_ARC = YES;
				CLANG_ENABLE_OBJC_WEAK = YES;
				CLANG_WARN_BLOCK_CAPTURE_AUTORELEASING = YES;
				CLANG_WARN_BOOL_CONVERSION = YES;
				CLANG_WARN_COMMA = YES;
				CLANG_WARN_CONSTANT_CONVERSION = YES;
				CLANG_WARN_DEPRECATED_OBJC_IMPLEMENTATIONS = YES;
				CLANG_WARN_DIRECT_OBJC_ISA_USAGE = YES_ERROR;
				CLANG_WARN_DOCUMENTATION_COMMENTS = YES;
				CLANG_WARN_EMPTY_BODY = YES;
				CLANG_WARN_ENUM_CONVERSION = YES;
				CLANG_WARN_INFINITE_RECURSION = YES;
				CLANG_WARN_INT_CONVERSION = YES;
				CLANG_WARN_NON_LITERAL_NULL_CONVERSION = YES;
				CLANG_WARN_OBJC_IMPLICIT_RETAIN_SELF = YES;
				CLANG_WARN_OBJC_LITERAL_CONVERSION = YES;
				CLANG_WARN_OBJC_ROOT_CLASS = YES_ERROR;
				CLANG_WARN_RANGE_LOOP_ANALYSIS = YES;
				CLANG_WARN_STRICT_PROTOTYPES = YES;
				CLANG_WARN_SUSPICIOUS_MOVE = YES;
				CLANG_WARN_UNGUARDED_AVAILABILITY = YES_AGGRESSIVE;
				CLANG_WARN_UNREACHABLE_CODE = YES;
				CLANG_WARN__DUPLICATE_METHOD_MATCH = YES;
				CODE_SIGN_IDENTITY = "iPhone Developer";
				COPY_PHASE_STRIP = NO;
				DEBUG_INFORMATION_FORMAT = "dwarf-with-dsym";
				ENABLE_NS_ASSERTIONS = NO;
				ENABLE_STRICT_OBJC_MSGSEND = YES;
				GCC_C_LANGUAGE_STANDARD = gnu11;
				GCC_NO_COMMON_BLOCKS = YES;
				GCC_WARN_64_TO_32_BIT_CONVERSION = YES;
				GCC_WARN_ABOUT_RETURN_TYPE = YES_ERROR;
				GCC_WARN_UNDECLARED_SELECTOR = YES;
				GCC_WARN_UNINITIALIZED_AUTOS = YES_AGGRESSIVE;
				GCC_WARN_UNUSED_FUNCTION = YES;
				GCC_WARN_UNUSED_VARIABLE = YES;
				IPHONEOS_DEPLOYMENT_TARGET = 11.4;
				MTL_ENABLE_DEBUG_INFO = NO;
				SDKROOT = iphoneos;
				SWIFT_COMPILATION_MODE = wholemodule;
				SWIFT_OPTIMIZATION_LEVEL = "-O";
				VALIDATE_PRODUCT = YES;
			};
			name = Release;
		};
		84CE87CE20EA34A800F496D8 /* Debug */ = {
			isa = XCBuildConfiguration;
			buildSettings = {
				ASSETCATALOG_COMPILER_APPICON_NAME = AppIcon;
				CODE_SIGN_STYLE = Automatic;
				DEVELOPMENT_TEAM = 3KS22VBNNP;
				HEADER_SEARCH_PATHS = "\"$(SRCROOT)/iosSDK/iosSDK\"";
				INFOPLIST_FILE = FestChain/Info.plist;
				IPHONEOS_DEPLOYMENT_TARGET = 10.0;
				LD_RUNPATH_SEARCH_PATHS = (
					"$(inherited)",
					"@executable_path/Frameworks",
				);
				PRODUCT_BUNDLE_IDENTIFIER = com.rstakhiv.FestChain;
				PRODUCT_NAME = "$(TARGET_NAME)";
				SWIFT_OBJC_BRIDGING_HEADER = "$(SRCROOT)/FestChain/FestChain-Bridging-Header.h";
				SWIFT_VERSION = 4.0;
				TARGETED_DEVICE_FAMILY = 1;
			};
			name = Debug;
		};
		84CE87CF20EA34A800F496D8 /* Release */ = {
			isa = XCBuildConfiguration;
			buildSettings = {
				ASSETCATALOG_COMPILER_APPICON_NAME = AppIcon;
				CODE_SIGN_STYLE = Automatic;
				DEVELOPMENT_TEAM = 3KS22VBNNP;
				HEADER_SEARCH_PATHS = "\"$(SRCROOT)/iosSDK/iosSDK\"";
				INFOPLIST_FILE = FestChain/Info.plist;
				IPHONEOS_DEPLOYMENT_TARGET = 10.0;
				LD_RUNPATH_SEARCH_PATHS = (
					"$(inherited)",
					"@executable_path/Frameworks",
				);
				PRODUCT_BUNDLE_IDENTIFIER = com.rstakhiv.FestChain;
				PRODUCT_NAME = "$(TARGET_NAME)";
				SWIFT_OBJC_BRIDGING_HEADER = "$(SRCROOT)/FestChain/FestChain-Bridging-Header.h";
				SWIFT_VERSION = 4.0;
				TARGETED_DEVICE_FAMILY = 1;
			};
			name = Release;
		};
/* End XCBuildConfiguration section */

/* Begin XCConfigurationList section */
		84CE87B620EA34A000F496D8 /* Build configuration list for PBXProject "FestChain" */ = {
			isa = XCConfigurationList;
			buildConfigurations = (
				84CE87CB20EA34A800F496D8 /* Debug */,
				84CE87CC20EA34A800F496D8 /* Release */,
			);
			defaultConfigurationIsVisible = 0;
			defaultConfigurationName = Release;
		};
		84CE87CD20EA34A800F496D8 /* Build configuration list for PBXNativeTarget "FestChain" */ = {
			isa = XCConfigurationList;
			buildConfigurations = (
				84CE87CE20EA34A800F496D8 /* Debug */,
				84CE87CF20EA34A800F496D8 /* Release */,
			);
			defaultConfigurationIsVisible = 0;
			defaultConfigurationName = Release;
		};
/* End XCConfigurationList section */
	};
	rootObject = 84CE87B320EA34A000F496D8 /* Project object */;
}
